
Microsoft Visual Studio Solution File, Format Version 10.00
# Visual Studio 2008
Project("{8BC9CEB8-8B4A-11D0-8D11-00A0C91BC942}") = "openFABMAP", "openFABMAP\openFABMAP.vcproj", "{EBDA901A-8C6C-43BC-BA19-5B344D86F0AB}"
EndProject
Global
	GlobalSection(SolutionConfigurationPlatforms) = preSolution
		Debug|Win32 = Debug|Win32
		Release|Win32 = Release|Win32
	EndGlobalSection
	GlobalSection(ProjectConfigurationPlatforms) = postSolution
		{EBDA901A-8C6C-43BC-BA19-5B344D86F0AB}.Debug|Win32.ActiveCfg = Debug|Win32
		{EBDA901A-8C6C-43BC-BA19-5B344D86F0AB}.Debug|Win32.Build.0 = Debug|Win32
		{EBDA901A-8C6C-43BC-BA19-5B344D86F0AB}.Release|Win32.ActiveCfg = Release|Win32
		{EBDA901A-8C6C-43BC-BA19-5B344D86F0AB}.Release|Win32.Build.0 = Release|Win32
	EndGlobalSection
	GlobalSection(SolutionProperties) = preSolution
		HideSolutionNode = FALSE
	EndGlobalSection
EndGlobal
